{
  "name": "blogger",
  "requires": true,
  "lockfileVersion": 1,
  "dependencies": {
    "actiontext": {
      "version": "git+https://github.com/kobaltz/actiontext.git#ef59c4ba99d1b7614dd47f5a294eef553224db88",
      "from": "git+https://github.com/kobaltz/actiontext.git",
      "requires": {
        "activestorage": ">=5.2.0",
        "trix": ">=1.0.0"
      }
    },
    "activestorage": {
      "version": "5.2.3",
      "resolved": "https://registry.npmjs.org/activestorage/-/activestorage-5.2.3.tgz",
      "integrity": "sha512-B0PHne9Bvpsapw1WqPZF8YafdN5pohOAUgR5ZGSijBOJKDGb+IJ6ib8Js9mfWNCmuCPCrCzHca/mJ2wD7UBJxA==",
      "requires": {
        "spark-md5": "^3.0.0"
      }
    },
    "spark-md5": {
      "version": "3.0.0",
      "resolved": "https://registry.npmjs.org/spark-md5/-/spark-md5-3.0.0.tgz",
      "integrity": "sha1-NyIifFTi+vJLHcbZM8wUTm9xv+8="
    },
    "trix": {
      "version": "1.2.0",
      "resolved": "https://registry.npmjs.org/trix/-/trix-1.2.0.tgz",
      "integrity": "sha512-gJ7edoWzcnc9DBjsgeGkmotVpyVhFQTlSOmUYjwFn71NlGixAhNgsu8pVIq/jkIkbk6om0PSetc9cRJm+qU3+A=="
    }
  }
}
